// !$*UTF8*$!
{
	archiveVersion = 1;
	classes = {
	};
	objectVersion = 46;
	objects = {

/* Begin PBXBuildFile section */
		FE71CFE919FF2A6600945942 /* AppDelegate.swift in Sources */ = {isa = PBXBuildFile; fileRef = FE71CFE819FF2A6600945942 /* AppDelegate.swift */; };
		FE71CFEB19FF2A6600945942 /* ViewController.swift in Sources */ = {isa = PBXBuildFile; fileRef = FE71CFEA19FF2A6600945942 /* ViewController.swift */; };
		FE71CFEE19FF2A6600945942 /* Main.storyboard in Resources */ = {isa = PBXBuildFile; fileRef = FE71CFEC19FF2A6600945942 /* Main.storyboard */; };
		FE71CFF019FF2A6600945942 /* Images.xcassets in Resources */ = {isa = PBXBuildFile; fileRef = FE71CFEF19FF2A6600945942 /* Images.xcassets */; };
		FE71CFF319FF2A6600945942 /* LaunchScreen.xib in Resources */ = {isa = PBXBuildFile; fileRef = FE71CFF119FF2A6600945942 /* LaunchScreen.xib */; };
		FE71CFFF19FF2A6600945942 /* temperatureTests.swift in Sources */ = {isa = PBXBuildFile; fileRef = FE71CFFE19FF2A6600945942 /* temperatureTests.swift */; };
/* End PBXBuildFile section */

/* Begin PBXContainerItemProxy section */
		FE71CFF919FF2A6600945942 /* PBXContainerItemProxy */ = {
			isa = PBXContainerItemProxy;
			containerPortal = FE71CFDB19FF2A6600945942 /* Project object */;
			proxyType = 1;
			remoteGlobalIDString = FE71CFE219FF2A6600945942;
			remoteInfo = temperature;
		};
/* End PBXContainerItemProxy section */

/* Begin PBXFileReference section */
		FE71CFE319FF2A6600945942 /* temperature.app */ = {isa = PBXFileReference; explicitFileType = wrapper.application; includeInIndex = 0; path = temperature.app; sourceTree = BUILT_PRODUCTS_DIR; };
		FE71CFE719FF2A6600945942 /* Info.plist */ = {isa = PBXFileReference; lastKnownFileType = text.plist.xml; path = Info.plist; sourceTree = "<group>"; };
		FE71CFE819FF2A6600945942 /* AppDelegate.swift */ = {isa = PBXFileReference; lastKnownFileType = sourcecode.swift; path = AppDelegate.swift; sourceTree = "<group>"; };
		FE71CFEA19FF2A6600945942 /* ViewController.swift */ = {isa = PBXFileReference; lastKnownFileType = sourcecode.swift; path = ViewController.swift; sourceTree = "<group>"; };
		FE71CFED19FF2A6600945942 /* Base */ = {isa = PBXFileReference; lastKnownFileType = file.storyboard; name = Base; path = Base.lproj/Main.storyboard; sourceTree = "<group>"; };
		FE71CFEF19FF2A6600945942 /* Images.xcassets */ = {isa = PBXFileReference; lastKnownFileType = folder.assetcatalog; path = Images.xcassets; sourceTree = "<group>"; };
		FE71CFF219FF2A6600945942 /* Base */ = {isa = PBXFileReference; lastKnownFileType = file.xib; name = Base; path = Base.lproj/LaunchScreen.xib; sourceTree = "<group>"; };
		FE71CFF819FF2A6600945942 /* temperatureTests.xctest */ = {isa = PBXFileReference; explicitFileType = wrapper.cfbundle; includeInIndex = 0; path = temperatureTests.xctest; sourceTree = BUILT_PRODUCTS_DIR; };
		FE71CFFD19FF2A6600945942 /* Info.plist */ = {isa = PBXFileReference; lastKnownFileType = text.plist.xml; path = Info.plist; sourceTree = "<group>"; };
		FE71CFFE19FF2A6600945942 /* temperatureTests.swift */ = {isa = PBXFileReference; lastKnownFileType = sourcecode.swift; path = temperatureTests.swift; sourceTree = "<group>"; };
/* End PBXFileReference section */

/* Begin PBXFrameworksBuildPhase section */
		FE71CFE019FF2A6600945942 /* Frameworks */ = {
			isa = PBXFrameworksBuildPhase;
			buildActionMask = 2147483647;
			files = (
			);
			runOnlyForDeploymentPostprocessing = 0;
		};
		FE71CFF519FF2A6600945942 /* Frameworks */ = {
			isa = PBXFrameworksBuildPhase;
			buildActionMask = 2147483647;
			files = (
			);
			runOnlyForDeploymentPostprocessing = 0;
		};
/* End PBXFrameworksBuildPhase section */

/* Begin PBXGroup section */
		FE71CFDA19FF2A6600945942 = {
			isa = PBXGroup;
			children = (
				FE71CFE519FF2A6600945942 /* temperature */,
				FE71CFFB19FF2A6600945942 /* temperatureTests */,
				FE71CFE419FF2A6600945942 /* Products */,
			);
			sourceTree = "<group>";
		};
		FE71CFE419FF2A6600945942 /* Products */ = {
			isa = PBXGroup;
			children = (
				FE71CFE319FF2A6600945942 /* temperature.app */,
				FE71CFF819FF2A6600945942 /* temperatureTests.xctest */,
			);
			name = Products;
			sourceTree = "<group>";
		};
		FE71CFE519FF2A6600945942 /* temperature */ = {
			isa = PBXGroup;
			children = (
				FE71CFE819FF2A6600945942 /* AppDelegate.swift */,
				FE71CFEA19FF2A6600945942 /* ViewController.swift */,
				FE71CFEC19FF2A6600945942 /* Main.storyboard */,
				FE71CFEF19FF2A6600945942 /* Images.xcassets */,
				FE71CFF119FF2A6600945942 /* LaunchScreen.xib */,
				FE71CFE619FF2A6600945942 /* Supporting Files */,
			);
			path = temperature;
			sourceTree = "<group>";
		};
		FE71CFE619FF2A6600945942 /* Supporting Files */ = {
			isa = PBXGroup;
			children = (
				FE71CFE719FF2A6600945942 /* Info.plist */,
			);
			name = "Supporting Files";
			sourceTree = "<group>";
		};
		FE71CFFB19FF2A6600945942 /* temperatureTests */ = {
			isa = PBXGroup;
			children = (
				FE71CFFE19FF2A6600945942 /* temperatureTests.swift */,
				FE71CFFC19FF2A6600945942 /* Supporting Files */,
			);
			path = temperatureTests;
			sourceTree = "<group>";
		};
		FE71CFFC19FF2A6600945942 /* Supporting Files */ = {
			isa = PBXGroup;
			children = (
				FE71CFFD19FF2A6600945942 /* Info.plist */,
			);
			name = "Supporting Files";
			sourceTree = "<group>";
		};
/* End PBXGroup section */

/* Begin PBXNativeTarget section */
		FE71CFE219FF2A6600945942 /* temperature */ = {
			isa = PBXNativeTarget;
			buildConfigurationList = FE71D00219FF2A6600945942 /* Build configuration list for PBXNativeTarget "temperature" */;
			buildPhases = (
				FE71CFDF19FF2A6600945942 /* Sources */,
				FE71CFE019FF2A6600945942 /* Frameworks */,
				FE71CFE119FF2A6600945942 /* Resources */,
			);
			buildRules = (
			);
			dependencies = (
			);
			name = temperature;
			productName = temperature;
			productReference = FE71CFE319FF2A6600945942 /* temperature.app */;
			productType = "com.apple.product-type.application";
		};
		FE71CFF719FF2A6600945942 /* temperatureTests */ = {
			isa = PBXNativeTarget;
			buildConfigurationList = FE71D00519FF2A6600945942 /* Build configuration list for PBXNativeTarget "temperatureTests" */;
			buildPhases = (
				FE71CFF419FF2A6600945942 /* Sources */,
				FE71CFF519FF2A6600945942 /* Frameworks */,
				FE71CFF619FF2A6600945942 /* Resources */,
			);
			buildRules = (
			);
			dependencies = (
				FE71CFFA19FF2A6600945942 /* PBXTargetDependency */,
			);
			name = temperatureTests;
			productName = temperatureTests;
			productReference = FE71CFF819FF2A6600945942 /* temperatureTests.xctest */;
			productType = "com.apple.product-type.bundle.unit-test";
		};
/* End PBXNativeTarget section */

/* Begin PBXProject section */
		FE71CFDB19FF2A6600945942 /* Project object */ = {
			isa = PBXProject;
			attributes = {
				LastUpgradeCheck = 0610;
				ORGANIZATIONNAME = darkgod;
				TargetAttributes = {
					FE71CFE219FF2A6600945942 = {
						CreatedOnToolsVersion = 6.1;
					};
					FE71CFF719FF2A6600945942 = {
						CreatedOnToolsVersion = 6.1;
						TestTargetID = FE71CFE219FF2A6600945942;
					};
				};
			};
			buildConfigurationList = FE71CFDE19FF2A6600945942 /* Build configuration list for PBXProject "temperature" */;
			compatibilityVersion = "Xcode 3.2";
			developmentRegion = English;
			hasScannedForEncodings = 0;
			knownRegions = (
				en,
				Base,
			);
			mainGroup = FE71CFDA19FF2A6600945942;
			productRefGroup = FE71CFE419FF2A6600945942 /* Products */;
			projectDirPath = "";
			projectRoot = "";
			targets = (
				FE71CFE219FF2A6600945942 /* temperature */,
				FE71CFF719FF2A6600945942 /* temperatureTests */,
			);
		};
/* End PBXProject section */

/* Begin PBXResourcesBuildPhase section */
		FE71CFE119FF2A6600945942 /* Resources */ = {
			isa = PBXResourcesBuildPhase;
			buildActionMask = 2147483647;
			files = (
				FE71CFEE19FF2A6600945942 /* Main.storyboard in Resources */,
				FE71CFF319FF2A6600945942 /* LaunchScreen.xib in Resources */,
				FE71CFF019FF2A6600945942 /* Images.xcassets in Resources */,
			);
			runOnlyForDeploymentPostprocessing = 0;
		};
		FE71CFF619FF2A6600945942 /* Resources */ = {
			isa = PBXResourcesBuildPhase;
			buildActionMask = 2147483647;
			files = (
			);
			runOnlyForDeploymentPostprocessing = 0;
		};
/* End PBXResourcesBuildPhase section */

/* Begin PBXSourcesBuildPhase section */
		FE71CFDF19FF2A6600945942 /* Sources */ = {
			isa = PBXSourcesBuildPhase;
			buildActionMask = 2147483647;
			files = (
				FE71CFEB19FF2A6600945942 /* ViewController.swift in Sources */,
				FE71CFE919FF2A6600945942 /* AppDelegate.swift in Sources */,
			);
			runOnlyForDeploymentPostprocessing = 0;
		};
		FE71CFF419FF2A6600945942 /* Sources */ = {
			isa = PBXSourcesBuildPhase;
			buildActionMask = 2147483647;
			files = (
				FE71CFFF19FF2A6600945942 /* temperatureTests.swift in Sources */,
			);
			runOnlyForDeploymentPostprocessing = 0;
		};
/* End PBXSourcesBuildPhase section */

/* Begin PBXTargetDependency section */
		FE71CFFA19FF2A6600945942 /* PBXTargetDependency */ = {
			isa = PBXTargetDependency;
			target = FE71CFE219FF2A6600945942 /* temperature */;
			targetProxy = FE71CFF919FF2A6600945942 /* PBXContainerItemProxy */;
		};
/* End PBXTargetDependency section */

/* Begin PBXVariantGroup section */
		FE71CFEC19FF2A6600945942 /* Main.storyboard */ = {
			isa = PBXVariantGroup;
			children = (
				FE71CFED19FF2A6600945942 /* Base */,
			);
			name = Main.storyboard;
			sourceTree = "<group>";
		};
		FE71CFF119FF2A6600945942 /* LaunchScreen.xib */ = {
			isa = PBXVariantGroup;
			children = (
				FE71CFF219FF2A6600945942 /* Base */,
			);
			name = LaunchScreen.xib;
			sourceTree = "<group>";
		};
/* End PBXVariantGroup section */

/* Begin XCBuildConfiguration section */
		FE71D00019FF2A6600945942 /* Debug */ = {
			isa = XCBuildConfiguration;
			buildSettings = {
				ALWAYS_SEARCH_USER_PATHS = NO;
				CLANG_CXX_LANGUAGE_STANDARD = "gnu++0x";
				CLANG_CXX_LIBRARY = "libc++";
				CLANG_ENABLE_MODULES = YES;
				CLANG_ENABLE_OBJC_ARC = YES;
				CLANG_WARN_BOOL_CONVERSION = YES;
				CLANG_WARN_CONSTANT_CONVERSION = YES;
				CLANG_WARN_DIRECT_OBJC_ISA_USAGE = YES_ERROR;
				CLANG_WARN_EMPTY_BODY = YES;
				CLANG_WARN_ENUM_CONVERSION = YES;
				CLANG_WARN_INT_CONVERSION = YES;
				CLANG_WARN_OBJC_ROOT_CLASS = YES_ERROR;
				CLANG_WARN_UNREACHABLE_CODE = YES;
				CLANG_WARN__DUPLICATE_METHOD_MATCH = YES;
				"CODE_SIGN_IDENTITY[sdk=iphoneos*]" = "iPhone Developer";
				COPY_PHASE_STRIP = NO;
				ENABLE_STRICT_OBJC_MSGSEND = YES;
				GCC_C_LANGUAGE_STANDARD = gnu99;
				GCC_DYNAMIC_NO_PIC = NO;
				GCC_OPTIMIZATION_LEVEL = 0;
				GCC_PREPROCESSOR_DEFINITIONS = (
					"DEBUG=1",
					"$(inherited)",
				);
				GCC_SYMBOLS_PRIVATE_EXTERN = NO;
				GCC_WARN_64_TO_32_BIT_CONVERSION = YES;
				GCC_WARN_ABOUT_RETURN_TYPE = YES_ERROR;
				GCC_WARN_UNDECLARED_SELECTOR = YES;
				GCC_WARN_UNINITIALIZED_AUTOS = YES_AGGRESSIVE;
				GCC_WARN_UNUSED_FUNCTION = YES;
				GCC_WARN_UNUSED_VARIABLE = YES;
				IPHONEOS_DEPLOYMENT_TARGET = 8.1;
				MTL_ENABLE_DEBUG_INFO = YES;
				ONLY_ACTIVE_ARCH = YES;
				SDKROOT = iphoneos;
				SWIFT_OPTIMIZATION_LEVEL = "-Onone";
			};
			name = Debug;
		};
		FE71D00119FF2A6600945942 /* Release */ = {
			isa = XCBuildConfiguration;
			buildSettings = {
				ALWAYS_SEARCH_USER_PATHS = NO;
				CLANG_CXX_LANGUAGE_STANDARD = "gnu++0x";
				CLANG_CXX_LIBRARY = "libc++";
				CLANG_ENABLE_MODULES = YES;
				CLANG_ENABLE_OBJC_ARC = YES;
				CLANG_WARN_BOOL_CONVERSION = YES;
				CLANG_WARN_CONSTANT_CONVERSION = YES;
				CLANG_WARN_DIRECT_OBJC_ISA_USAGE = YES_ERROR;
				CLANG_WARN_EMPTY_BODY = YES;
				CLANG_WARN_ENUM_CONVERSION = YES;
				CLANG_WARN_INT_CONVERSION = YES;
				CLANG_WARN_OBJC_ROOT_CLASS = YES_ERROR;
				CLANG_WARN_UNREACHABLE_CODE = YES;
				CLANG_WARN__DUPLICATE_METHOD_MATCH = YES;
				"CODE_SIGN_IDENTITY[sdk=iphoneos*]" = "iPhone Developer";
				COPY_PHASE_STRIP = YES;
				ENABLE_NS_ASSERTIONS = NO;
				ENABLE_STRICT_OBJC_MSGSEND = YES;
				GCC_C_LANGUAGE_STANDARD = gnu99;
				GCC_WARN_64_TO_32_BIT_CONVERSION = YES;
				GCC_WARN_ABOUT_RETURN_TYPE = YES_ERROR;
				GCC_WARN_UNDECLARED_SELECTOR = YES;
				GCC_WARN_UNINITIALIZED_AUTOS = YES_AGGRESSIVE;
				GCC_WARN_UNUSED_FUNCTION = YES;
				GCC_WARN_UNUSED_VARIABLE = YES;
				IPHONEOS_DEPLOYMENT_TARGET = 8.1;
				MTL_ENABLE_DEBUG_INFO = NO;
				SDKROOT = iphoneos;
				VALIDATE_PRODUCT = YES;
			};
			name = Release;
		};
		FE71D00319FF2A6600945942 /* Debug */ = {
			isa = XCBuildConfiguration;
			buildSettings = {
				ASSETCATALOG_COMPILER_APPICON_NAME = AppIcon;
				INFOPLIST_FILE = temperature/Info.plist;
				LD_RUNPATH_SEARCH_PATHS = "$(inherited) @executable_path/Frameworks";
				PRODUCT_NAME = "$(TARGET_NAME)";
			};
			name = Debug;
		};
		FE71D00419FF2A6600945942 /* Release */ = {
			isa = XCBuildConfiguration;
			buildSettings = {
				ASSETCATALOG_COMPILER_APPICON_NAME = AppIcon;
				INFOPLIST_FILE = temperature/Info.plist;
				LD_RUNPATH_SEARCH_PATHS = "$(inherited) @executable_path/Frameworks";
				PRODUCT_NAME = "$(TARGET_NAME)";
			};
			name = Release;
		};
		FE71D00619FF2A6600945942 /* Debug */ = {
			isa = XCBuildConfiguration;
			buildSettings = {
				BUNDLE_LOADER = "$(TEST_HOST)";
				FRAMEWORK_SEARCH_PATHS = (
					"$(SDKROOT)/Developer/Library/Frameworks",
					"$(inherited)",
				);
				GCC_PREPROCESSOR_DEFINITIONS = (
					"DEBUG=1",
					"$(inherited)",
				);
				INFOPLIST_FILE = temperatureTests/Info.plist;
				LD_RUNPATH_SEARCH_PATHS = "$(inherited) @executable_path/Frameworks @loader_path/Frameworks";
				PRODUCT_NAME = "$(TARGET_NAME)";
				TEST_HOST = "$(BUILT_PRODUCTS_DIR)/temperature.app/temperature";
			};
			name = Debug;
		};
		FE71D00719FF2A6600945942 /* Release */ = {
			isa = XCBuildConfiguration;
			buildSettings = {
				BUNDLE_LOADER = "$(TEST_HOST)";
				FRAMEWORK_SEARCH_PATHS = (
					"$(SDKROOT)/Developer/Library/Frameworks",
					"$(inherited)",
				);
				INFOPLIST_FILE = temperatureTests/Info.plist;
				LD_RUNPATH_SEARCH_PATHS = "$(inherited) @executable_path/Frameworks @loader_path/Frameworks";
				PRODUCT_NAME = "$(TARGET_NAME)";
				TEST_HOST = "$(BUILT_PRODUCTS_DIR)/temperature.app/temperature";
			};
			name = Release;
		};
/* End XCBuildConfiguration section */

/* Begin XCConfigurationList section */
		FE71CFDE19FF2A6600945942 /* Build configuration list for PBXProject "temperature" */ = {
			isa = XCConfigurationList;
			buildConfigurations = (
				FE71D00019FF2A6600945942 /* Debug */,
				FE71D00119FF2A6600945942 /* Release */,
			);
			defaultConfigurationIsVisible = 0;
			defaultConfigurationName = Release;
		};
		FE71D00219FF2A6600945942 /* Build configuration list for PBXNativeTarget "temperature" */ = {
			isa = XCConfigurationList;
			buildConfigurations = (
				FE71D00319FF2A6600945942 /* Debug */,
				FE71D00419FF2A6600945942 /* Release */,
			);
			defaultConfigurationIsVisible = 0;
		};
		FE71D00519FF2A6600945942 /* Build configuration list for PBXNativeTarget "temperatureTests" */ = {
			isa = XCConfigurationList;
			buildConfigurations = (
				FE71D00619FF2A6600945942 /* Debug */,
				FE71D00719FF2A6600945942 /* Release */,
			);
			defaultConfigurationIsVisible = 0;
		};
/* End XCConfigurationList section */
	};
	rootObject = FE71CFDB19FF2A6600945942 /* Project object */;
}
